
Microsoft Visual Studio Solution File, Format Version 12.00
# Visual Studio Version 17
VisualStudioVersion = 17.5.33414.496
MinimumVisualStudioVersion = 10.0.40219.1
Project("{FAE04EC0-301F-11D3-BF4B-00C04F79EFBC}") = "bulkybookweb", "bulkybookweb\bulkybookweb.csproj", "{6011D9E1-2D12-45A8-9229-EC690498FD83}"
EndProject
Global
	GlobalSection(SolutionConfigurationPlatforms) = preSolution
		Debug|Any CPU = Debug|Any CPU
		Release|Any CPU = Release|Any CPU
	EndGlobalSection
	GlobalSection(ProjectConfigurationPlatforms) = postSolution
		{6011D9E1-2D12-45A8-9229-EC690498FD83}.Debug|Any CPU.ActiveCfg = Debug|Any CPU
		{6011D9E1-2D12-45A8-9229-EC690498FD83}.Debug|Any CPU.Build.0 = Debug|Any CPU
		{6011D9E1-2D12-45A8-9229-EC690498FD83}.Release|Any CPU.ActiveCfg = Release|Any CPU
		{6011D9E1-2D12-45A8-9229-EC690498FD83}.Release|Any CPU.Build.0 = Release|Any CPU
	EndGlobalSection
	GlobalSection(SolutionProperties) = preSolution
		HideSolutionNode = FALSE
	EndGlobalSection
	GlobalSection(ExtensibilityGlobals) = postSolution
		SolutionGuid = {D4944CA4-9439-4B8F-98F0-9BCD02D653F4}
	EndGlobalSection
EndGlobal
